
Microsoft Visual Studio Solution File, Format Version 12.00
# Visual Studio Version 17
VisualStudioVersion = 17.13.35913.81 d17.13
MinimumVisualStudioVersion = 10.0.40219.1
Project("{FAE04EC0-301F-11D3-BF4B-00C04F79EFBC}") = "WpfApp3", "WpfApp3\WpfApp3.csproj", "{BB166C56-5442-40E8-A1CD-ADF5B441BC88}"
EndProject
Global
	GlobalSection(SolutionConfigurationPlatforms) = preSolution
		Debug|Any CPU = Debug|Any CPU
		Release|Any CPU = Release|Any CPU
	EndGlobalSection
	GlobalSection(ProjectConfigurationPlatforms) = postSolution
		{BB166C56-5442-40E8-A1CD-ADF5B441BC88}.Debug|Any CPU.ActiveCfg = Debug|Any CPU
		{BB166C56-5442-40E8-A1CD-ADF5B441BC88}.Debug|Any CPU.Build.0 = Debug|Any CPU
		{BB166C56-5442-40E8-A1CD-ADF5B441BC88}.Release|Any CPU.ActiveCfg = Release|Any CPU
		{BB166C56-5442-40E8-A1CD-ADF5B441BC88}.Release|Any CPU.Build.0 = Release|Any CPU
	EndGlobalSection
	GlobalSection(SolutionProperties) = preSolution
		HideSolutionNode = FALSE
	EndGlobalSection
	GlobalSection(ExtensibilityGlobals) = postSolution
		SolutionGuid = {54C6270D-1940-4C1D-82B0-EA7943820C23}
	EndGlobalSection
EndGlobal
